
Microsoft Visual Studio Solution File, Format Version 12.00
# Visual Studio 15
VisualStudioVersion = 15.0.28307.271
MinimumVisualStudioVersion = 10.0.40219.1
Project("{FAE04EC0-301F-11D3-BF4B-00C04F79EFBC}") = "WideWorldImporters.API", "WideWorldImporters.API\WideWorldImporters.API.csproj", "{575D592C-D1E9-4AE5-9E74-5B7B5CE5F8D2}"
EndProject
Global
	GlobalSection(SolutionConfigurationPlatforms) = preSolution
		Debug|Any CPU = Debug|Any CPU
		Release|Any CPU = Release|Any CPU
	EndGlobalSection
	GlobalSection(ProjectConfigurationPlatforms) = postSolution
		{575D592C-D1E9-4AE5-9E74-5B7B5CE5F8D2}.Debug|Any CPU.ActiveCfg = Debug|Any CPU
		{575D592C-D1E9-4AE5-9E74-5B7B5CE5F8D2}.Debug|Any CPU.Build.0 = Debug|Any CPU
		{575D592C-D1E9-4AE5-9E74-5B7B5CE5F8D2}.Release|Any CPU.ActiveCfg = Release|Any CPU
		{575D592C-D1E9-4AE5-9E74-5B7B5CE5F8D2}.Release|Any CPU.Build.0 = Release|Any CPU
	EndGlobalSection
	GlobalSection(SolutionProperties) = preSolution
		HideSolutionNode = FALSE
	EndGlobalSection
	GlobalSection(ExtensibilityGlobals) = postSolution
		SolutionGuid = {67476218-D352-401C-B195-51EAC288479C}
	EndGlobalSection
EndGlobal
